// !$*UTF8*$!
{
	archiveVersion = 1;
	classes = {
	};
	objectVersion = 46;
	objects = {

/* Begin PBXBuildFile section */
		4BA90032F4AAC6908B3E7CF3 /* ScalarInputViewController.m in Sources */ = {isa = PBXBuildFile; fileRef = 4BA90B8798F2CE141BF44C81 /* ScalarInputViewController.m */; };
		4BA900DC34D63A30B0C15A01 /* FilterControlsViewController.m in Sources */ = {isa = PBXBuildFile; fileRef = 4BA90461C15278FE9C5052F8 /* FilterControlsViewController.m */; };
		4BA9060965661D1CE33673C3 /* MinimalistControlView.m in Sources */ = {isa = PBXBuildFile; fileRef = 4BA90A102F853CFE0A418794 /* MinimalistControlView.m */; };
		4BA90DF91FFFF2873A377BBA /* BaseConfigurationViewController.m in Sources */ = {isa = PBXBuildFile; fileRef = 4BA9009075CA2A6C5B0CF8AF /* BaseConfigurationViewController.m */; };
		7B0EBC581ADC1AFD00A87C9A /* FilterControlAttributesTableViewController.m in Sources */ = {isa = PBXBuildFile; fileRef = 7B0EBC571ADC1AFD00A87C9A /* FilterControlAttributesTableViewController.m */; };
		7B16EC671AE17ED600D2E160 /* ImageInputCollectionViewCell.m in Sources */ = {isa = PBXBuildFile; fileRef = 7B16EC661AE17ED600D2E160 /* ImageInputCollectionViewCell.m */; };
		7B16EC691AE182A400D2E160 /* ImageInputControlConfiguration.plist in Resources */ = {isa = PBXBuildFile; fileRef = 7B16EC681AE182A400D2E160 /* ImageInputControlConfiguration.plist */; };
		7B18393A1ACEE726003CC4F8 /* LaunchScreen.xib in Resources */ = {isa = PBXBuildFile; fileRef = 7B1839391ACEE726003CC4F8 /* LaunchScreen.xib */; };
		7B18393C1ACEE8B3003CC4F8 /* Main-iPhone.storyboard in Resources */ = {isa = PBXBuildFile; fileRef = 7B18393B1ACEE8B3003CC4F8 /* Main-iPhone.storyboard */; };
		7B18393E1ACF0B78003CC4F8 /* Images.xcassets in Resources */ = {isa = PBXBuildFile; fileRef = 7B18393D1ACF0B78003CC4F8 /* Images.xcassets */; };
		7BC573A81ACF2F7200C4E2EA /* Main-iPad.storyboard in Resources */ = {isa = PBXBuildFile; fileRef = 7BC573A71ACF2F7200C4E2EA /* Main-iPad.storyboard */; };
		7BC573AA1ACF447300C4E2EA /* GLKit.framework in Frameworks */ = {isa = PBXBuildFile; fileRef = 7BC573A91ACF447300C4E2EA /* GLKit.framework */; };
		9474C8355080B42B5C5D9447 /* FilterDetailViewController.m in Sources */ = {isa = PBXBuildFile; fileRef = 9474C1EE49EACDBA41C3F7A7 /* FilterDetailViewController.m */; };
		9474C92CDC9AE33424AEE53D /* SampleImageManager.m in Sources */ = {isa = PBXBuildFile; fileRef = 9474C8A5E2F2CF1EE120E2D6 /* SampleImageManager.m */; };
		9474CAB033600628036E10E3 /* ImageInputViewController.m in Sources */ = {isa = PBXBuildFile; fileRef = 9474C0C5E9E9694EC748427E /* ImageInputViewController.m */; };
		9474CD7E394B5C8390F5885B /* Old.storyboard in Resources */ = {isa = PBXBuildFile; fileRef = 9474C7C1DC9AC76905D8E474 /* Old.storyboard */; };
		BC0F2242162EF48200BE0663 /* QuartzCore.framework in Frameworks */ = {isa = PBXBuildFile; fileRef = BC0F2241162EF48200BE0663 /* QuartzCore.framework */; };
		BC10D3C3164564850031A7A2 /* OffsetInputCell.m in Sources */ = {isa = PBXBuildFile; fileRef = BC10D3C2164564850031A7A2 /* OffsetInputCell.m */; };
		BC2298621636C8DC006D98D7 /* ColorPickerCell.m in Sources */ = {isa = PBXBuildFile; fileRef = BC2298611636C8DC006D98D7 /* ColorPickerCell.m */; };
		BC24E6A41629B58E006C7116 /* UIKit.framework in Frameworks */ = {isa = PBXBuildFile; fileRef = BC24E6A31629B58E006C7116 /* UIKit.framework */; };
		BC24E6A61629B58E006C7116 /* Foundation.framework in Frameworks */ = {isa = PBXBuildFile; fileRef = BC24E6A51629B58E006C7116 /* Foundation.framework */; };
		BC24E6A81629B58E006C7116 /* CoreGraphics.framework in Frameworks */ = {isa = PBXBuildFile; fileRef = BC24E6A71629B58E006C7116 /* CoreGraphics.framework */; };
		BC24E6AE1629B58E006C7116 /* InfoPlist.strings in Resources */ = {isa = PBXBuildFile; fileRef = BC24E6AC1629B58E006C7116 /* InfoPlist.strings */; };
		BC24E6B01629B58E006C7116 /* main.m in Sources */ = {isa = PBXBuildFile; fileRef = BC24E6AF1629B58E006C7116 /* main.m */; };
		BC24E6B41629B58E006C7116 /* AppDelegate.m in Sources */ = {isa = PBXBuildFile; fileRef = BC24E6B31629B58E006C7116 /* AppDelegate.m */; };
		BC24E6CA1629B58E006C7116 /* FilterBrowserTableViewController.m in Sources */ = {isa = PBXBuildFile; fileRef = BC24E6C91629B58E006C7116 /* FilterBrowserTableViewController.m */; };
		BC24E6D71629BB21006C7116 /* CoreImage.framework in Frameworks */ = {isa = PBXBuildFile; fileRef = BC24E6D61629BB21006C7116 /* CoreImage.framework */; };
		BC24E6D91629BB2A006C7116 /* OpenGLES.framework in Frameworks */ = {isa = PBXBuildFile; fileRef = BC24E6D81629BB2A006C7116 /* OpenGLES.framework */; };
		BC24E6DC1629F8B0006C7116 /* OldFilterControlsViewController.m in Sources */ = {isa = PBXBuildFile; fileRef = BC24E6DB1629F8B0006C7116 /* OldFilterControlsViewController.m */; };
		BC2BA0001638E80500F5EBBF /* AffineTransformCell.m in Sources */ = {isa = PBXBuildFile; fileRef = BC2B9FFF1638E80500F5EBBF /* AffineTransformCell.m */; };
		BC2BA0041638ED2F00F5EBBF /* GestureInputCell.m in Sources */ = {isa = PBXBuildFile; fileRef = BC2BA0031638ED2F00F5EBBF /* GestureInputCell.m */; };
		BC33F1961AD1E3110059C163 /* FilterControls.storyboard in Resources */ = {isa = PBXBuildFile; fileRef = BC33F1951AD1E3110059C163 /* FilterControls.storyboard */; };
		BC385F261ADF5F4E00666CC1 /* Sample1Raw.jpg in Resources */ = {isa = PBXBuildFile; fileRef = BC385F221ADF5F4E00666CC1 /* Sample1Raw.jpg */; };
		BC385F271ADF5F4E00666CC1 /* Sample2Raw.jpg in Resources */ = {isa = PBXBuildFile; fileRef = BC385F231ADF5F4E00666CC1 /* Sample2Raw.jpg */; };
		BC385F281ADF5F4E00666CC1 /* Sample3Raw.png in Resources */ = {isa = PBXBuildFile; fileRef = BC385F241ADF5F4E00666CC1 /* Sample3Raw.png */; };
		BC385F291ADF5F4E00666CC1 /* Sample4Raw.png in Resources */ = {isa = PBXBuildFile; fileRef = BC385F251ADF5F4E00666CC1 /* Sample4Raw.png */; };
		BC3ABC1316455441005D6221 /* RectDisplayCell.m in Sources */ = {isa = PBXBuildFile; fileRef = BC3ABC1216455441005D6221 /* RectDisplayCell.m */; };
		BC55A02D1634355C008F0B8C /* PositionPickerCell.m in Sources */ = {isa = PBXBuildFile; fileRef = BC55A02C1634355C008F0B8C /* PositionPickerCell.m */; };
		BC61F146162E19AA008EE219 /* BaseInputControlCell.m in Sources */ = {isa = PBXBuildFile; fileRef = BC61F145162E19AA008EE219 /* BaseInputControlCell.m */; };
		BC61F14B162E1CEB008EE219 /* NumericSliderCell.m in Sources */ = {isa = PBXBuildFile; fileRef = BC61F14A162E1CEB008EE219 /* NumericSliderCell.m */; };
		BC61F14E162E208F008EE219 /* PhotoPickerCell.m in Sources */ = {isa = PBXBuildFile; fileRef = BC61F14D162E208F008EE219 /* PhotoPickerCell.m */; };
		BC7DDC3B1661BEF9006F8FA7 /* AVFoundation.framework in Frameworks */ = {isa = PBXBuildFile; fileRef = BC7DDC3A1661BEF9006F8FA7 /* AVFoundation.framework */; };
		BC91D2931682C4B300895BA4 /* VideoCaptureController.m in Sources */ = {isa = PBXBuildFile; fileRef = BC91D2921682C4B300895BA4 /* VideoCaptureController.m */; };
		BC91D29516834E1600895BA4 /* CoreMedia.framework in Frameworks */ = {isa = PBXBuildFile; fileRef = BCEBB039163C3333005D4196 /* CoreMedia.framework */; };
		BC91D29716834E3A00895BA4 /* CoreVideo.framework in Frameworks */ = {isa = PBXBuildFile; fileRef = BC91D29616834E3A00895BA4 /* CoreVideo.framework */; };
		BCA2C4551AE67F7D00DE23CB /* MinimalistInputViewController.m in Sources */ = {isa = PBXBuildFile; fileRef = BCA2C4541AE67F7D00DE23CB /* MinimalistInputViewController.m */; };
		BCCFB59C163C9FEB00D89F0B /* UIImage+Transform.m in Sources */ = {isa = PBXBuildFile; fileRef = BCCFB59B163C9FEB00D89F0B /* UIImage+Transform.m */; };
		BCCFB59F163CD64800D89F0B /* ColorMatrixCell.m in Sources */ = {isa = PBXBuildFile; fileRef = BCCFB59E163CD64700D89F0B /* ColorMatrixCell.m */; };
		BCEBB03D163C3370005D4196 /* MobileCoreServices.framework in Frameworks */ = {isa = PBXBuildFile; fileRef = BCEBB03C163C3370005D4196 /* MobileCoreServices.framework */; };
/* End PBXBuildFile section */

/* Begin PBXFileReference section */
		4BA9009075CA2A6C5B0CF8AF /* BaseConfigurationViewController.m */ = {isa = PBXFileReference; fileEncoding = 4; lastKnownFileType = sourcecode.c.objc; path = BaseConfigurationViewController.m; sourceTree = "<group>"; };
		4BA90461C15278FE9C5052F8 /* FilterControlsViewController.m */ = {isa = PBXFileReference; fileEncoding = 4; lastKnownFileType = sourcecode.c.objc; path = FilterControlsViewController.m; sourceTree = "<group>"; };
		4BA9049AF802C44A2966710C /* BaseConfigurationViewController.h */ = {isa = PBXFileReference; fileEncoding = 4; lastKnownFileType = sourcecode.c.h; path = BaseConfigurationViewController.h; sourceTree = "<group>"; };
		4BA905E1CA9F609BC7C31EB2 /* ScalarInputViewController.h */ = {isa = PBXFileReference; fileEncoding = 4; lastKnownFileType = sourcecode.c.h; path = ScalarInputViewController.h; sourceTree = "<group>"; };
		4BA909518943943910261215 /* FilterControlsViewController.h */ = {isa = PBXFileReference; fileEncoding = 4; lastKnownFileType = sourcecode.c.h; path = FilterControlsViewController.h; sourceTree = "<group>"; };
		4BA90A102F853CFE0A418794 /* MinimalistControlView.m */ = {isa = PBXFileReference; fileEncoding = 4; lastKnownFileType = sourcecode.c.objc; path = MinimalistControlView.m; sourceTree = "<group>"; };
		4BA90B8798F2CE141BF44C81 /* ScalarInputViewController.m */ = {isa = PBXFileReference; fileEncoding = 4; lastKnownFileType = sourcecode.c.objc; path = ScalarInputViewController.m; sourceTree = "<group>"; };
		4BA90D3829D20BE993BD8C02 /* MinimalistControlView.h */ = {isa = PBXFileReference; fileEncoding = 4; lastKnownFileType = sourcecode.c.h; path = MinimalistControlView.h; sourceTree = "<group>"; };
		4BA90F49AE949A82DE542568 /* FilterConfigurationControl.h */ = {isa = PBXFileReference; fileEncoding = 4; lastKnownFileType = sourcecode.c.h; path = FilterConfigurationControl.h; sourceTree = "<group>"; };
		7B0EBC561ADC1AFD00A87C9A /* FilterControlAttributesTableViewController.h */ = {isa = PBXFileReference; fileEncoding = 4; lastKnownFileType = sourcecode.c.h; path = FilterControlAttributesTableViewController.h; sourceTree = "<group>"; };
		7B0EBC571ADC1AFD00A87C9A /* FilterControlAttributesTableViewController.m */ = {isa = PBXFileReference; fileEncoding = 4; lastKnownFileType = sourcecode.c.objc; path = FilterControlAttributesTableViewController.m; sourceTree = "<group>"; };
		7B16EC651AE17ED600D2E160 /* ImageInputCollectionViewCell.h */ = {isa = PBXFileReference; fileEncoding = 4; lastKnownFileType = sourcecode.c.h; path = ImageInputCollectionViewCell.h; sourceTree = "<group>"; };
		7B16EC661AE17ED600D2E160 /* ImageInputCollectionViewCell.m */ = {isa = PBXFileReference; fileEncoding = 4; lastKnownFileType = sourcecode.c.objc; path = ImageInputCollectionViewCell.m; sourceTree = "<group>"; };
		7B16EC681AE182A400D2E160 /* ImageInputControlConfiguration.plist */ = {isa = PBXFileReference; fileEncoding = 4; lastKnownFileType = text.plist.xml; path = ImageInputControlConfiguration.plist; sourceTree = "<group>"; };
		7B1839391ACEE726003CC4F8 /* LaunchScreen.xib */ = {isa = PBXFileReference; fileEncoding = 4; lastKnownFileType = file.xib; path = LaunchScreen.xib; sourceTree = "<group>"; };
		7B18393B1ACEE8B3003CC4F8 /* Main-iPhone.storyboard */ = {isa = PBXFileReference; fileEncoding = 4; lastKnownFileType = file.storyboard; path = "Main-iPhone.storyboard"; sourceTree = "<group>"; };
		7B18393D1ACF0B78003CC4F8 /* Images.xcassets */ = {isa = PBXFileReference; lastKnownFileType = folder.assetcatalog; path = Images.xcassets; sourceTree = "<group>"; };
		7BC573A71ACF2F7200C4E2EA /* Main-iPad.storyboard */ = {isa = PBXFileReference; fileEncoding = 4; lastKnownFileType = file.storyboard; path = "Main-iPad.storyboard"; sourceTree = "<group>"; };
		7BC573A91ACF447300C4E2EA /* GLKit.framework */ = {isa = PBXFileReference; lastKnownFileType = wrapper.framework; name = GLKit.framework; path = System/Library/Frameworks/GLKit.framework; sourceTree = SDKROOT; };
		9474C0C5E9E9694EC748427E /* ImageInputViewController.m */ = {isa = PBXFileReference; fileEncoding = 4; lastKnownFileType = sourcecode.c.objc; path = ImageInputViewController.m; sourceTree = "<group>"; };
		9474C1EE49EACDBA41C3F7A7 /* FilterDetailViewController.m */ = {isa = PBXFileReference; fileEncoding = 4; lastKnownFileType = sourcecode.c.objc; path = FilterDetailViewController.m; sourceTree = "<group>"; };
		9474C5CB7431995D01EAC29E /* FilterDetailViewController.h */ = {isa = PBXFileReference; fileEncoding = 4; lastKnownFileType = sourcecode.c.h; path = FilterDetailViewController.h; sourceTree = "<group>"; };
		9474C79C13C8B7EB122B1349 /* ImageInputViewController.h */ = {isa = PBXFileReference; fileEncoding = 4; lastKnownFileType = sourcecode.c.h; path = ImageInputViewController.h; sourceTree = "<group>"; };
		9474C8492F31D9247B5D7756 /* SampleImageManager.h */ = {isa = PBXFileReference; fileEncoding = 4; lastKnownFileType = sourcecode.c.h; path = SampleImageManager.h; sourceTree = "<group>"; };
		9474C8A5E2F2CF1EE120E2D6 /* SampleImageManager.m */ = {isa = PBXFileReference; fileEncoding = 4; lastKnownFileType = sourcecode.c.objc; path = SampleImageManager.m; sourceTree = "<group>"; };
		9474CDF84F4D49B2237CBDF2 /* en */ = {isa = PBXFileReference; lastKnownFileType = file.storyboard; name = en; path = "Core Image Explorer/en.lproj/Old.storyboard"; sourceTree = SOURCE_ROOT; };
		BC0F2241162EF48200BE0663 /* QuartzCore.framework */ = {isa = PBXFileReference; lastKnownFileType = wrapper.framework; name = QuartzCore.framework; path = System/Library/Frameworks/QuartzCore.framework; sourceTree = SDKROOT; };
		BC10D3C1164564850031A7A2 /* OffsetInputCell.h */ = {isa = PBXFileReference; fileEncoding = 4; lastKnownFileType = sourcecode.c.h; path = OffsetInputCell.h; sourceTree = "<group>"; };
		BC10D3C2164564850031A7A2 /* OffsetInputCell.m */ = {isa = PBXFileReference; fileEncoding = 4; lastKnownFileType = sourcecode.c.objc; path = OffsetInputCell.m; sourceTree = "<group>"; };
		BC2298601636C8DC006D98D7 /* ColorPickerCell.h */ = {isa = PBXFileReference; fileEncoding = 4; lastKnownFileType = sourcecode.c.h; path = ColorPickerCell.h; sourceTree = "<group>"; };
		BC2298611636C8DC006D98D7 /* ColorPickerCell.m */ = {isa = PBXFileReference; fileEncoding = 4; lastKnownFileType = sourcecode.c.objc; path = ColorPickerCell.m; sourceTree = "<group>"; };
		BC24E69F1629B58E006C7116 /* Core Image Explorer.app */ = {isa = PBXFileReference; explicitFileType = wrapper.application; includeInIndex = 0; path = "Core Image Explorer.app"; sourceTree = BUILT_PRODUCTS_DIR; };
		BC24E6A31629B58E006C7116 /* UIKit.framework */ = {isa = PBXFileReference; lastKnownFileType = wrapper.framework; name = UIKit.framework; path = System/Library/Frameworks/UIKit.framework; sourceTree = SDKROOT; };
		BC24E6A51629B58E006C7116 /* Foundation.framework */ = {isa = PBXFileReference; lastKnownFileType = wrapper.framework; name = Foundation.framework; path = System/Library/Frameworks/Foundation.framework; sourceTree = SDKROOT; };
		BC24E6A71629B58E006C7116 /* CoreGraphics.framework */ = {isa = PBXFileReference; lastKnownFileType = wrapper.framework; name = CoreGraphics.framework; path = System/Library/Frameworks/CoreGraphics.framework; sourceTree = SDKROOT; };
		BC24E6AB1629B58E006C7116 /* Core Image Explorer-Info.plist */ = {isa = PBXFileReference; lastKnownFileType = text.plist.xml; path = "Core Image Explorer-Info.plist"; sourceTree = "<group>"; };
		BC24E6AD1629B58E006C7116 /* en */ = {isa = PBXFileReference; lastKnownFileType = text.plist.strings; name = en; path = en.lproj/InfoPlist.strings; sourceTree = "<group>"; };
		BC24E6AF1629B58E006C7116 /* main.m */ = {isa = PBXFileReference; lastKnownFileType = sourcecode.c.objc; path = main.m; sourceTree = "<group>"; };
		BC24E6B11629B58E006C7116 /* Core Image Explorer-Prefix.pch */ = {isa = PBXFileReference; lastKnownFileType = sourcecode.c.h; path = "Core Image Explorer-Prefix.pch"; sourceTree = "<group>"; };
		BC24E6B21629B58E006C7116 /* AppDelegate.h */ = {isa = PBXFileReference; lastKnownFileType = sourcecode.c.h; path = AppDelegate.h; sourceTree = "<group>"; };
		BC24E6B31629B58E006C7116 /* AppDelegate.m */ = {isa = PBXFileReference; lastKnownFileType = sourcecode.c.objc; path = AppDelegate.m; sourceTree = "<group>"; };
		BC24E6C81629B58E006C7116 /* FilterBrowserTableViewController.h */ = {isa = PBXFileReference; lastKnownFileType = sourcecode.c.h; path = FilterBrowserTableViewController.h; sourceTree = "<group>"; };
		BC24E6C91629B58E006C7116 /* FilterBrowserTableViewController.m */ = {isa = PBXFileReference; lastKnownFileType = sourcecode.c.objc; path = FilterBrowserTableViewController.m; sourceTree = "<group>"; };
		BC24E6D61629BB21006C7116 /* CoreImage.framework */ = {isa = PBXFileReference; lastKnownFileType = wrapper.framework; name = CoreImage.framework; path = System/Library/Frameworks/CoreImage.framework; sourceTree = SDKROOT; };
		BC24E6D81629BB2A006C7116 /* OpenGLES.framework */ = {isa = PBXFileReference; lastKnownFileType = wrapper.framework; name = OpenGLES.framework; path = System/Library/Frameworks/OpenGLES.framework; sourceTree = SDKROOT; };
		BC24E6DA1629F8B0006C7116 /* OldFilterControlsViewController.h */ = {isa = PBXFileReference; fileEncoding = 4; lastKnownFileType = sourcecode.c.h; path = OldFilterControlsViewController.h; sourceTree = "<group>"; };
		BC24E6DB1629F8B0006C7116 /* OldFilterControlsViewController.m */ = {isa = PBXFileReference; fileEncoding = 4; lastKnownFileType = sourcecode.c.objc; path = OldFilterControlsViewController.m; sourceTree = "<group>"; };
		BC2B9FFE1638E80500F5EBBF /* AffineTransformCell.h */ = {isa = PBXFileReference; fileEncoding = 4; lastKnownFileType = sourcecode.c.h; path = AffineTransformCell.h; sourceTree = "<group>"; };
		BC2B9FFF1638E80500F5EBBF /* AffineTransformCell.m */ = {isa = PBXFileReference; fileEncoding = 4; lastKnownFileType = sourcecode.c.objc; path = AffineTransformCell.m; sourceTree = "<group>"; };
		BC2BA0021638ED2F00F5EBBF /* GestureInputCell.h */ = {isa = PBXFileReference; fileEncoding = 4; lastKnownFileType = sourcecode.c.h; path = GestureInputCell.h; sourceTree = "<group>"; };
		BC2BA0031638ED2F00F5EBBF /* GestureInputCell.m */ = {isa = PBXFileReference; fileEncoding = 4; lastKnownFileType = sourcecode.c.objc; path = GestureInputCell.m; sourceTree = "<group>"; };
		BC33F1951AD1E3110059C163 /* FilterControls.storyboard */ = {isa = PBXFileReference; fileEncoding = 4; lastKnownFileType = file.storyboard; path = FilterControls.storyboard; sourceTree = "<group>"; };
		BC385F221ADF5F4E00666CC1 /* Sample1Raw.jpg */ = {isa = PBXFileReference; lastKnownFileType = image.jpeg; path = Sample1Raw.jpg; sourceTree = "<group>"; };
		BC385F231ADF5F4E00666CC1 /* Sample2Raw.jpg */ = {isa = PBXFileReference; lastKnownFileType = image.jpeg; path = Sample2Raw.jpg; sourceTree = "<group>"; };
		BC385F241ADF5F4E00666CC1 /* Sample3Raw.png */ = {isa = PBXFileReference; lastKnownFileType = image.png; path = Sample3Raw.png; sourceTree = "<group>"; };
		BC385F251ADF5F4E00666CC1 /* Sample4Raw.png */ = {isa = PBXFileReference; lastKnownFileType = image.png; path = Sample4Raw.png; sourceTree = "<group>"; };
		BC3ABC0F1644D1A0005D6221 /* MessageUI.framework */ = {isa = PBXFileReference; lastKnownFileType = wrapper.framework; name = MessageUI.framework; path = System/Library/Frameworks/MessageUI.framework; sourceTree = SDKROOT; };
		BC3ABC1116455441005D6221 /* RectDisplayCell.h */ = {isa = PBXFileReference; fileEncoding = 4; lastKnownFileType = sourcecode.c.h; path = RectDisplayCell.h; sourceTree = "<group>"; };
		BC3ABC1216455441005D6221 /* RectDisplayCell.m */ = {isa = PBXFileReference; fileEncoding = 4; lastKnownFileType = sourcecode.c.objc; path = RectDisplayCell.m; sourceTree = "<group>"; };
		BC55A02B1634355C008F0B8C /* PositionPickerCell.h */ = {isa = PBXFileReference; fileEncoding = 4; lastKnownFileType = sourcecode.c.h; path = PositionPickerCell.h; sourceTree = "<group>"; };
		BC55A02C1634355C008F0B8C /* PositionPickerCell.m */ = {isa = PBXFileReference; fileEncoding = 4; lastKnownFileType = sourcecode.c.objc; path = PositionPickerCell.m; sourceTree = "<group>"; };
		BC61F144162E19AA008EE219 /* BaseInputControlCell.h */ = {isa = PBXFileReference; fileEncoding = 4; lastKnownFileType = sourcecode.c.h; path = BaseInputControlCell.h; sourceTree = "<group>"; };
		BC61F145162E19AA008EE219 /* BaseInputControlCell.m */ = {isa = PBXFileReference; fileEncoding = 4; lastKnownFileType = sourcecode.c.objc; path = BaseInputControlCell.m; sourceTree = "<group>"; };
		BC61F149162E1CEB008EE219 /* NumericSliderCell.h */ = {isa = PBXFileReference; fileEncoding = 4; lastKnownFileType = sourcecode.c.h; path = NumericSliderCell.h; sourceTree = "<group>"; };
		BC61F14A162E1CEB008EE219 /* NumericSliderCell.m */ = {isa = PBXFileReference; fileEncoding = 4; lastKnownFileType = sourcecode.c.objc; path = NumericSliderCell.m; sourceTree = "<group>"; };
		BC61F14C162E208F008EE219 /* PhotoPickerCell.h */ = {isa = PBXFileReference; fileEncoding = 4; lastKnownFileType = sourcecode.c.h; path = PhotoPickerCell.h; sourceTree = "<group>"; };
		BC61F14D162E208F008EE219 /* PhotoPickerCell.m */ = {isa = PBXFileReference; fileEncoding = 4; lastKnownFileType = sourcecode.c.objc; path = PhotoPickerCell.m; sourceTree = "<group>"; };
		BC7DDC3A1661BEF9006F8FA7 /* AVFoundation.framework */ = {isa = PBXFileReference; lastKnownFileType = wrapper.framework; name = AVFoundation.framework; path = System/Library/Frameworks/AVFoundation.framework; sourceTree = SDKROOT; };
		BC91D2911682C4B300895BA4 /* VideoCaptureController.h */ = {isa = PBXFileReference; fileEncoding = 4; lastKnownFileType = sourcecode.c.h; path = VideoCaptureController.h; sourceTree = "<group>"; };
		BC91D2921682C4B300895BA4 /* VideoCaptureController.m */ = {isa = PBXFileReference; fileEncoding = 4; lastKnownFileType = sourcecode.c.objc; path = VideoCaptureController.m; sourceTree = "<group>"; };
		BC91D29616834E3A00895BA4 /* CoreVideo.framework */ = {isa = PBXFileReference; lastKnownFileType = wrapper.framework; name = CoreVideo.framework; path = System/Library/Frameworks/CoreVideo.framework; sourceTree = SDKROOT; };
		BCA2C4531AE67F7D00DE23CB /* MinimalistInputViewController.h */ = {isa = PBXFileReference; fileEncoding = 4; lastKnownFileType = sourcecode.c.h; path = MinimalistInputViewController.h; sourceTree = "<group>"; };
		BCA2C4541AE67F7D00DE23CB /* MinimalistInputViewController.m */ = {isa = PBXFileReference; fileEncoding = 4; lastKnownFileType = sourcecode.c.objc; path = MinimalistInputViewController.m; sourceTree = "<group>"; };
		BCCFB59A163C9FEB00D89F0B /* UIImage+Transform.h */ = {isa = PBXFileReference; fileEncoding = 4; lastKnownFileType = sourcecode.c.h; path = "UIImage+Transform.h"; sourceTree = "<group>"; };
		BCCFB59B163C9FEB00D89F0B /* UIImage+Transform.m */ = {isa = PBXFileReference; fileEncoding = 4; lastKnownFileType = sourcecode.c.objc; path = "UIImage+Transform.m"; sourceTree = "<group>"; };
		BCCFB59D163CD64700D89F0B /* ColorMatrixCell.h */ = {isa = PBXFileReference; fileEncoding = 4; lastKnownFileType = sourcecode.c.h; path = ColorMatrixCell.h; sourceTree = "<group>"; };
		BCCFB59E163CD64700D89F0B /* ColorMatrixCell.m */ = {isa = PBXFileReference; fileEncoding = 4; lastKnownFileType = sourcecode.c.objc; path = ColorMatrixCell.m; sourceTree = "<group>"; };
		BCEBB039163C3333005D4196 /* CoreMedia.framework */ = {isa = PBXFileReference; lastKnownFileType = wrapper.framework; name = CoreMedia.framework; path = System/Library/Frameworks/CoreMedia.framework; sourceTree = SDKROOT; };
		BCEBB03C163C3370005D4196 /* MobileCoreServices.framework */ = {isa = PBXFileReference; lastKnownFileType = wrapper.framework; name = MobileCoreServices.framework; path = System/Library/Frameworks/MobileCoreServices.framework; sourceTree = SDKROOT; };
/* End PBXFileReference section */

/* Begin PBXFrameworksBuildPhase section */
		BC24E69C1629B58E006C7116 /* Frameworks */ = {
			isa = PBXFrameworksBuildPhase;
			buildActionMask = 2147483647;
			files = (
				7BC573AA1ACF447300C4E2EA /* GLKit.framework in Frameworks */,
				BC91D29716834E3A00895BA4 /* CoreVideo.framework in Frameworks */,
				BC91D29516834E1600895BA4 /* CoreMedia.framework in Frameworks */,
				BC7DDC3B1661BEF9006F8FA7 /* AVFoundation.framework in Frameworks */,
				BCEBB03D163C3370005D4196 /* MobileCoreServices.framework in Frameworks */,
				BC0F2242162EF48200BE0663 /* QuartzCore.framework in Frameworks */,
				BC24E6D91629BB2A006C7116 /* OpenGLES.framework in Frameworks */,
				BC24E6D71629BB21006C7116 /* CoreImage.framework in Frameworks */,
				BC24E6A41629B58E006C7116 /* UIKit.framework in Frameworks */,
				BC24E6A61629B58E006C7116 /* Foundation.framework in Frameworks */,
				BC24E6A81629B58E006C7116 /* CoreGraphics.framework in Frameworks */,
			);
			runOnlyForDeploymentPostprocessing = 0;
		};
/* End PBXFrameworksBuildPhase section */

/* Begin PBXGroup section */
		4BA904BF0DF122C8E9F32C3F /* Protocols */ = {
			isa = PBXGroup;
			children = (
				4BA90F49AE949A82DE542568 /* FilterConfigurationControl.h */,
			);
			path = Protocols;
			sourceTree = "<group>";
		};
		4BA9071C696E6AA4B54EF914 /* Controls */ = {
			isa = PBXGroup;
			children = (
				4BA905E1CA9F609BC7C31EB2 /* ScalarInputViewController.h */,
				4BA90B8798F2CE141BF44C81 /* ScalarInputViewController.m */,
				4BA9049AF802C44A2966710C /* BaseConfigurationViewController.h */,
				4BA9009075CA2A6C5B0CF8AF /* BaseConfigurationViewController.m */,
				9474C79C13C8B7EB122B1349 /* ImageInputViewController.h */,
				9474C0C5E9E9694EC748427E /* ImageInputViewController.m */,
				BCA2C4531AE67F7D00DE23CB /* MinimalistInputViewController.h */,
				BCA2C4541AE67F7D00DE23CB /* MinimalistInputViewController.m */,
			);
			path = Controls;
			sourceTree = "<group>";
		};
		9474C34B2E8A1144C12089E0 /* Data */ = {
			isa = PBXGroup;
			children = (
				7B16EC681AE182A400D2E160 /* ImageInputControlConfiguration.plist */,
			);
			path = Data;
			sourceTree = "<group>";
		};
		9474C8218BF3838922D1FD2A /* Views */ = {
			isa = PBXGroup;
			children = (
				7B16EC651AE17ED600D2E160 /* ImageInputCollectionViewCell.h */,
				7B16EC661AE17ED600D2E160 /* ImageInputCollectionViewCell.m */,
				4BA90A102F853CFE0A418794 /* MinimalistControlView.m */,
				4BA90D3829D20BE993BD8C02 /* MinimalistControlView.h */,
			);
			path = Views;
			sourceTree = "<group>";
		};
		9474C9274F6760614E59425E /* UserInterfaces */ = {
			isa = PBXGroup;
			children = (
				9474C7C1DC9AC76905D8E474 /* Old.storyboard */,
				7B1839391ACEE726003CC4F8 /* LaunchScreen.xib */,
				7B18393B1ACEE8B3003CC4F8 /* Main-iPhone.storyboard */,
				7BC573A71ACF2F7200C4E2EA /* Main-iPad.storyboard */,
				BC33F1951AD1E3110059C163 /* FilterControls.storyboard */,
			);
			path = UserInterfaces;
			sourceTree = "<group>";
		};
		9474CEE35A6A490308C6E06C /* Controllers */ = {
			isa = PBXGroup;
			children = (
				9474C8492F31D9247B5D7756 /* SampleImageManager.h */,
				9474C8A5E2F2CF1EE120E2D6 /* SampleImageManager.m */,
			);
			path = Controllers;
			sourceTree = "<group>";
		};
		BC24E6941629B58E006C7116 = {
			isa = PBXGroup;
			children = (
				BC24E6A91629B58E006C7116 /* Core Image Explorer */,
				BC24E6A21629B58E006C7116 /* Frameworks */,
				BC24E6A01629B58E006C7116 /* Products */,
			);
			sourceTree = "<group>";
		};
		BC24E6A01629B58E006C7116 /* Products */ = {
			isa = PBXGroup;
			children = (
				BC24E69F1629B58E006C7116 /* Core Image Explorer.app */,
			);
			name = Products;
			sourceTree = "<group>";
		};
		BC24E6A21629B58E006C7116 /* Frameworks */ = {
			isa = PBXGroup;
			children = (
				7BC573A91ACF447300C4E2EA /* GLKit.framework */,
				BC91D29616834E3A00895BA4 /* CoreVideo.framework */,
				BC7DDC3A1661BEF9006F8FA7 /* AVFoundation.framework */,
				BC3ABC0F1644D1A0005D6221 /* MessageUI.framework */,
				BCEBB03C163C3370005D4196 /* MobileCoreServices.framework */,
				BCEBB039163C3333005D4196 /* CoreMedia.framework */,
				BC0F2241162EF48200BE0663 /* QuartzCore.framework */,
				BC24E6D81629BB2A006C7116 /* OpenGLES.framework */,
				BC24E6D61629BB21006C7116 /* CoreImage.framework */,
				BC24E6A31629B58E006C7116 /* UIKit.framework */,
				BC24E6A51629B58E006C7116 /* Foundation.framework */,
				BC24E6A71629B58E006C7116 /* CoreGraphics.framework */,
			);
			name = Frameworks;
			sourceTree = "<group>";
		};
		BC24E6A91629B58E006C7116 /* Core Image Explorer */ = {
			isa = PBXGroup;
			children = (
				BC24E6B21629B58E006C7116 /* AppDelegate.h */,
				BC24E6B31629B58E006C7116 /* AppDelegate.m */,
				BCCFB599163C9D7B00D89F0B /* Categories */,
				4BA904BF0DF122C8E9F32C3F /* Protocols */,
				9474CEE35A6A490308C6E06C /* Controllers */,
				BC24E6D51629B614006C7116 /* View Controllers */,
				9474C8218BF3838922D1FD2A /* Views */,
				BC24E6D41629B5EA006C7116 /* Resources */,
				BC24E6AA1629B58E006C7116 /* Supporting Files */,
				9474C9274F6760614E59425E /* UserInterfaces */,
				7B18393D1ACF0B78003CC4F8 /* Images.xcassets */,
			);
			path = "Core Image Explorer";
			sourceTree = "<group>";
		};
		BC24E6AA1629B58E006C7116 /* Supporting Files */ = {
			isa = PBXGroup;
			children = (
				BC24E6AB1629B58E006C7116 /* Core Image Explorer-Info.plist */,
				BC24E6AC1629B58E006C7116 /* InfoPlist.strings */,
				BC24E6AF1629B58E006C7116 /* main.m */,
				BC24E6B11629B58E006C7116 /* Core Image Explorer-Prefix.pch */,
			);
			name = "Supporting Files";
			sourceTree = "<group>";
		};
		BC24E6D41629B5EA006C7116 /* Resources */ = {
			isa = PBXGroup;
			children = (
				BC385F211ADF5F4E00666CC1 /* Images */,
				9474C34B2E8A1144C12089E0 /* Data */,
			);
			path = Resources;
			sourceTree = "<group>";
		};
		BC24E6D51629B614006C7116 /* View Controllers */ = {
			isa = PBXGroup;
			children = (
				BC24E6C81629B58E006C7116 /* FilterBrowserTableViewController.h */,
				BC24E6C91629B58E006C7116 /* FilterBrowserTableViewController.m */,
				BC24E6DA1629F8B0006C7116 /* OldFilterControlsViewController.h */,
				BC24E6DB1629F8B0006C7116 /* OldFilterControlsViewController.m */,
				BC91D2911682C4B300895BA4 /* VideoCaptureController.h */,
				BC91D2921682C4B300895BA4 /* VideoCaptureController.m */,
				9474C5CB7431995D01EAC29E /* FilterDetailViewController.h */,
				9474C1EE49EACDBA41C3F7A7 /* FilterDetailViewController.m */,
				4BA909518943943910261215 /* FilterControlsViewController.h */,
				4BA90461C15278FE9C5052F8 /* FilterControlsViewController.m */,
				7B0EBC561ADC1AFD00A87C9A /* FilterControlAttributesTableViewController.h */,
				7B0EBC571ADC1AFD00A87C9A /* FilterControlAttributesTableViewController.m */,
				BC61F148162E19B2008EE219 /* Table Cells */,
				4BA9071C696E6AA4B54EF914 /* Controls */,
			);
			name = "View Controllers";
			path = ViewController;
			sourceTree = "<group>";
		};
		BC385F211ADF5F4E00666CC1 /* Images */ = {
			isa = PBXGroup;
			children = (
				BC385F221ADF5F4E00666CC1 /* Sample1Raw.jpg */,
				BC385F231ADF5F4E00666CC1 /* Sample2Raw.jpg */,
				BC385F241ADF5F4E00666CC1 /* Sample3Raw.png */,
				BC385F251ADF5F4E00666CC1 /* Sample4Raw.png */,
			);
			path = Images;
			sourceTree = "<group>";
		};
		BC61F148162E19B2008EE219 /* Table Cells */ = {
			isa = PBXGroup;
			children = (
				BC61F144162E19AA008EE219 /* BaseInputControlCell.h */,
				BC61F145162E19AA008EE219 /* BaseInputControlCell.m */,
				BC61F149162E1CEB008EE219 /* NumericSliderCell.h */,
				BC61F14A162E1CEB008EE219 /* NumericSliderCell.m */,
				BC61F14C162E208F008EE219 /* PhotoPickerCell.h */,
				BC61F14D162E208F008EE219 /* PhotoPickerCell.m */,
				BC2298601636C8DC006D98D7 /* ColorPickerCell.h */,
				BC2298611636C8DC006D98D7 /* ColorPickerCell.m */,
				BC2BA0021638ED2F00F5EBBF /* GestureInputCell.h */,
				BC2BA0031638ED2F00F5EBBF /* GestureInputCell.m */,
				BC2B9FFE1638E80500F5EBBF /* AffineTransformCell.h */,
				BC2B9FFF1638E80500F5EBBF /* AffineTransformCell.m */,
				BC55A02B1634355C008F0B8C /* PositionPickerCell.h */,
				BC55A02C1634355C008F0B8C /* PositionPickerCell.m */,
				BCCFB59D163CD64700D89F0B /* ColorMatrixCell.h */,
				BCCFB59E163CD64700D89F0B /* ColorMatrixCell.m */,
				BC3ABC1116455441005D6221 /* RectDisplayCell.h */,
				BC3ABC1216455441005D6221 /* RectDisplayCell.m */,
				BC10D3C1164564850031A7A2 /* OffsetInputCell.h */,
				BC10D3C2164564850031A7A2 /* OffsetInputCell.m */,
			);
			path = "Table Cells";
			sourceTree = "<group>";
		};
		BCCFB599163C9D7B00D89F0B /* Categories */ = {
			isa = PBXGroup;
			children = (
				BCCFB59A163C9FEB00D89F0B /* UIImage+Transform.h */,
				BCCFB59B163C9FEB00D89F0B /* UIImage+Transform.m */,
			);
			path = Categories;
			sourceTree = "<group>";
		};
/* End PBXGroup section */

/* Begin PBXNativeTarget section */
		BC24E69E1629B58E006C7116 /* Core Image Explorer */ = {
			isa = PBXNativeTarget;
			buildConfigurationList = BC24E6D11629B58E006C7116 /* Build configuration list for PBXNativeTarget "Core Image Explorer" */;
			buildPhases = (
				BC24E69B1629B58E006C7116 /* Sources */,
				BC24E69C1629B58E006C7116 /* Frameworks */,
				BC24E69D1629B58E006C7116 /* Resources */,
			);
			buildRules = (
			);
			dependencies = (
			);
			name = "Core Image Explorer";
			productName = "Core Image Explorer";
			productReference = BC24E69F1629B58E006C7116 /* Core Image Explorer.app */;
			productType = "com.apple.product-type.application";
		};
/* End PBXNativeTarget section */

/* Begin PBXProject section */
		BC24E6961629B58E006C7116 /* Project object */ = {
			isa = PBXProject;
			attributes = {
				LastUpgradeCheck = 0450;
				ORGANIZATIONNAME = "Joshua Sullivan";
				TargetAttributes = {
					BC24E69E1629B58E006C7116 = {
						DevelopmentTeam = 6VVBUBU9QC;
					};
				};
			};
			buildConfigurationList = BC24E6991629B58E006C7116 /* Build configuration list for PBXProject "Core Image Explorer" */;
			compatibilityVersion = "Xcode 3.2";
			developmentRegion = English;
			hasScannedForEncodings = 0;
			knownRegions = (
				en,
			);
			mainGroup = BC24E6941629B58E006C7116;
			productRefGroup = BC24E6A01629B58E006C7116 /* Products */;
			projectDirPath = "";
			projectRoot = "";
			targets = (
				BC24E69E1629B58E006C7116 /* Core Image Explorer */,
			);
		};
/* End PBXProject section */

/* Begin PBXResourcesBuildPhase section */
		BC24E69D1629B58E006C7116 /* Resources */ = {
			isa = PBXResourcesBuildPhase;
			buildActionMask = 2147483647;
			files = (
				BC385F291ADF5F4E00666CC1 /* Sample4Raw.png in Resources */,
				BC24E6AE1629B58E006C7116 /* InfoPlist.strings in Resources */,
				7B16EC691AE182A400D2E160 /* ImageInputControlConfiguration.plist in Resources */,
				7B18393E1ACF0B78003CC4F8 /* Images.xcassets in Resources */,
				BC385F281ADF5F4E00666CC1 /* Sample3Raw.png in Resources */,
				BC385F261ADF5F4E00666CC1 /* Sample1Raw.jpg in Resources */,
				7B18393C1ACEE8B3003CC4F8 /* Main-iPhone.storyboard in Resources */,
				BC33F1961AD1E3110059C163 /* FilterControls.storyboard in Resources */,
				BC385F271ADF5F4E00666CC1 /* Sample2Raw.jpg in Resources */,
				7B18393A1ACEE726003CC4F8 /* LaunchScreen.xib in Resources */,
				9474CD7E394B5C8390F5885B /* Old.storyboard in Resources */,
				7BC573A81ACF2F7200C4E2EA /* Main-iPad.storyboard in Resources */,
			);
			runOnlyForDeploymentPostprocessing = 0;
		};
/* End PBXResourcesBuildPhase section */

/* Begin PBXSourcesBuildPhase section */
		BC24E69B1629B58E006C7116 /* Sources */ = {
			isa = PBXSourcesBuildPhase;
			buildActionMask = 2147483647;
			files = (
				BC24E6B01629B58E006C7116 /* main.m in Sources */,
				BC24E6B41629B58E006C7116 /* AppDelegate.m in Sources */,
				BC24E6CA1629B58E006C7116 /* FilterBrowserTableViewController.m in Sources */,
				BCA2C4551AE67F7D00DE23CB /* MinimalistInputViewController.m in Sources */,
				BC24E6DC1629F8B0006C7116 /* OldFilterControlsViewController.m in Sources */,
				BC61F146162E19AA008EE219 /* BaseInputControlCell.m in Sources */,
				BC61F14B162E1CEB008EE219 /* NumericSliderCell.m in Sources */,
				BC61F14E162E208F008EE219 /* PhotoPickerCell.m in Sources */,
				BC55A02D1634355C008F0B8C /* PositionPickerCell.m in Sources */,
				BC2298621636C8DC006D98D7 /* ColorPickerCell.m in Sources */,
				BC2BA0001638E80500F5EBBF /* AffineTransformCell.m in Sources */,
				BC2BA0041638ED2F00F5EBBF /* GestureInputCell.m in Sources */,
				BCCFB59C163C9FEB00D89F0B /* UIImage+Transform.m in Sources */,
				BCCFB59F163CD64800D89F0B /* ColorMatrixCell.m in Sources */,
				BC3ABC1316455441005D6221 /* RectDisplayCell.m in Sources */,
				BC10D3C3164564850031A7A2 /* OffsetInputCell.m in Sources */,
				BC91D2931682C4B300895BA4 /* VideoCaptureController.m in Sources */,
				9474C8355080B42B5C5D9447 /* FilterDetailViewController.m in Sources */,
				4BA900DC34D63A30B0C15A01 /* FilterControlsViewController.m in Sources */,
				4BA90032F4AAC6908B3E7CF3 /* ScalarInputViewController.m in Sources */,
				7B16EC671AE17ED600D2E160 /* ImageInputCollectionViewCell.m in Sources */,
				4BA90DF91FFFF2873A377BBA /* BaseConfigurationViewController.m in Sources */,
				7B0EBC581ADC1AFD00A87C9A /* FilterControlAttributesTableViewController.m in Sources */,
				9474CAB033600628036E10E3 /* ImageInputViewController.m in Sources */,
				9474C92CDC9AE33424AEE53D /* SampleImageManager.m in Sources */,
				4BA9060965661D1CE33673C3 /* MinimalistControlView.m in Sources */,
			);
			runOnlyForDeploymentPostprocessing = 0;
		};
/* End PBXSourcesBuildPhase section */

/* Begin PBXVariantGroup section */
		9474C7C1DC9AC76905D8E474 /* Old.storyboard */ = {
			isa = PBXVariantGroup;
			children = (
				9474CDF84F4D49B2237CBDF2 /* en */,
			);
			name = Old.storyboard;
			sourceTree = "<group>";
		};
		BC24E6AC1629B58E006C7116 /* InfoPlist.strings */ = {
			isa = PBXVariantGroup;
			children = (
				BC24E6AD1629B58E006C7116 /* en */,
			);
			name = InfoPlist.strings;
			sourceTree = "<group>";
		};
/* End PBXVariantGroup section */

/* Begin XCBuildConfiguration section */
		BC24E6CF1629B58E006C7116 /* Debug */ = {
			isa = XCBuildConfiguration;
			buildSettings = {
				ALWAYS_SEARCH_USER_PATHS = NO;
				CLANG_CXX_LANGUAGE_STANDARD = "gnu++0x";
				CLANG_CXX_LIBRARY = "libc++";
				CLANG_ENABLE_OBJC_ARC = YES;
				CLANG_WARN_EMPTY_BODY = YES;
				CLANG_WARN__DUPLICATE_METHOD_MATCH = YES;
				"CODE_SIGN_IDENTITY[sdk=iphoneos*]" = "iPhone Developer";
				COPY_PHASE_STRIP = NO;
				GCC_C_LANGUAGE_STANDARD = gnu99;
				GCC_DYNAMIC_NO_PIC = NO;
				GCC_OPTIMIZATION_LEVEL = 0;
				GCC_PREPROCESSOR_DEFINITIONS = (
					"DEBUG=1",
					"$(inherited)",
				);
				GCC_SYMBOLS_PRIVATE_EXTERN = NO;
				GCC_WARN_ABOUT_RETURN_TYPE = YES;
				GCC_WARN_UNINITIALIZED_AUTOS = YES;
				GCC_WARN_UNUSED_VARIABLE = YES;
				IPHONEOS_DEPLOYMENT_TARGET = 6.0;
				ONLY_ACTIVE_ARCH = YES;
				SDKROOT = iphoneos;
				TARGETED_DEVICE_FAMILY = "1,2";
			};
			name = Debug;
		};
		BC24E6D01629B58E006C7116 /* Release */ = {
			isa = XCBuildConfiguration;
			buildSettings = {
				ALWAYS_SEARCH_USER_PATHS = NO;
				CLANG_CXX_LANGUAGE_STANDARD = "gnu++0x";
				CLANG_CXX_LIBRARY = "libc++";
				CLANG_ENABLE_OBJC_ARC = YES;
				CLANG_WARN_EMPTY_BODY = YES;
				CLANG_WARN__DUPLICATE_METHOD_MATCH = YES;
				"CODE_SIGN_IDENTITY[sdk=iphoneos*]" = "iPhone Developer";
				COPY_PHASE_STRIP = YES;
				GCC_C_LANGUAGE_STANDARD = gnu99;
				GCC_WARN_ABOUT_RETURN_TYPE = YES;
				GCC_WARN_UNINITIALIZED_AUTOS = YES;
				GCC_WARN_UNUSED_VARIABLE = YES;
				IPHONEOS_DEPLOYMENT_TARGET = 6.0;
				OTHER_CFLAGS = "-DNS_BLOCK_ASSERTIONS=1";
				SDKROOT = iphoneos;
				TARGETED_DEVICE_FAMILY = "1,2";
				VALIDATE_PRODUCT = YES;
			};
			name = Release;
		};
		BC24E6D21629B58E006C7116 /* Debug */ = {
			isa = XCBuildConfiguration;
			buildSettings = {
				ASSETCATALOG_COMPILER_APPICON_NAME = AppIcon;
				ASSETCATALOG_COMPILER_LAUNCHIMAGE_NAME = LaunchImage;
				CLANG_ENABLE_MODULES = YES;
				CODE_SIGN_IDENTITY = "iPhone Developer";
				GCC_PRECOMPILE_PREFIX_HEADER = YES;
				GCC_PREFIX_HEADER = "Core Image Explorer/Core Image Explorer-Prefix.pch";
				INFOPLIST_FILE = "Core Image Explorer/Core Image Explorer-Info.plist";
				IPHONEOS_DEPLOYMENT_TARGET = 8.0;
				PRODUCT_NAME = "Core Image Explorer";
				PROVISIONING_PROFILE = "";
				TARGETED_DEVICE_FAMILY = "1,2";
				WRAPPER_EXTENSION = app;
			};
			name = Debug;
		};
		BC24E6D31629B58E006C7116 /* Release */ = {
			isa = XCBuildConfiguration;
			buildSettings = {
				ASSETCATALOG_COMPILER_APPICON_NAME = AppIcon;
				ASSETCATALOG_COMPILER_LAUNCHIMAGE_NAME = LaunchImage;
				CLANG_ENABLE_MODULES = YES;
				CODE_SIGN_IDENTITY = "iPhone Developer";
				"CODE_SIGN_IDENTITY[sdk=iphoneos*]" = "iPhone Distribution";
				GCC_PRECOMPILE_PREFIX_HEADER = YES;
				GCC_PREFIX_HEADER = "Core Image Explorer/Core Image Explorer-Prefix.pch";
				INFOPLIST_FILE = "Core Image Explorer/Core Image Explorer-Info.plist";
				IPHONEOS_DEPLOYMENT_TARGET = 8.0;
				PRODUCT_NAME = "Core Image Explorer";
				PROVISIONING_PROFILE = "";
				"PROVISIONING_PROFILE[sdk=iphoneos*]" = "";
				TARGETED_DEVICE_FAMILY = "1,2";
				WRAPPER_EXTENSION = app;
			};
			name = Release;
		};
/* End XCBuildConfiguration section */

/* Begin XCConfigurationList section */
		BC24E6991629B58E006C7116 /* Build configuration list for PBXProject "Core Image Explorer" */ = {
			isa = XCConfigurationList;
			buildConfigurations = (
				BC24E6CF1629B58E006C7116 /* Debug */,
				BC24E6D01629B58E006C7116 /* Release */,
			);
			defaultConfigurationIsVisible = 0;
			defaultConfigurationName = Release;
		};
		BC24E6D11629B58E006C7116 /* Build configuration list for PBXNativeTarget "Core Image Explorer" */ = {
			isa = XCConfigurationList;
			buildConfigurations = (
				BC24E6D21629B58E006C7116 /* Debug */,
				BC24E6D31629B58E006C7116 /* Release */,
			);
			defaultConfigurationIsVisible = 0;
			defaultConfigurationName = Release;
		};
/* End XCConfigurationList section */
	};
	rootObject = BC24E6961629B58E006C7116 /* Project object */;
}
